
Microsoft Visual Studio Solution File, Format Version 12.00
# Visual Studio Version 16
VisualStudioVersion = 16.0.30011.22
MinimumVisualStudioVersion = 10.0.40219.1
Project("{FAE04EC0-301F-11D3-BF4B-00C04F79EFBC}") = "question1", "question1\question1.csproj", "{DD35794E-EF5D-495C-994E-62E46E288C91}"
EndProject
Project("{FAE04EC0-301F-11D3-BF4B-00C04F79EFBC}") = "question2", "question2\question2.csproj", "{D18138CD-C292-4F6F-A25F-1291C10DBAA1}"
EndProject
Project("{FAE04EC0-301F-11D3-BF4B-00C04F79EFBC}") = "question4", "question4\question4.csproj", "{1F18235D-262F-4EE5-8000-D9462ED2DC6C}"
EndProject
Project("{FAE04EC0-301F-11D3-BF4B-00C04F79EFBC}") = "question3", "question3\question3.csproj", "{CD1DF52F-0C25-4F18-B17C-0B57C2FF824E}"
EndProject
Project("{FAE04EC0-301F-11D3-BF4B-00C04F79EFBC}") = "question221", "question221\question221.csproj", "{D3E825F9-B5C6-4349-858C-AF9695E5C048}"
EndProject
Project("{FAE04EC0-301F-11D3-BF4B-00C04F79EFBC}") = "question1114", "question1114\question1114.csproj", "{970E8328-203D-484F-BD9D-08C3B52E0134}"
EndProject
Project("{FAE04EC0-301F-11D3-BF4B-00C04F79EFBC}") = "question5", "question5\question5.csproj", "{DC17BE48-874A-4B71-BD82-F27B9E787145}"
EndProject
Project("{FAE04EC0-301F-11D3-BF4B-00C04F79EFBC}") = "question6", "question6\question6.csproj", "{A3B674EF-8EB0-4D20-AB13-ED8673B6E4DD}"
EndProject
Project("{FAE04EC0-301F-11D3-BF4B-00C04F79EFBC}") = "question69", "question69\question69.csproj", "{7023B5BD-8399-401B-BC1D-80CEE3112440}"
EndProject
Project("{FAE04EC0-301F-11D3-BF4B-00C04F79EFBC}") = "question7", "question7\question7.csproj", "{65869FBA-CCFD-4A1B-847D-ADD5B9D44527}"
EndProject
Project("{FAE04EC0-301F-11D3-BF4B-00C04F79EFBC}") = "question8", "question8\question8.csproj", "{38F0F4FF-E6AC-4DC0-9783-C53A9EFBCA18}"
EndProject
Project("{FAE04EC0-301F-11D3-BF4B-00C04F79EFBC}") = "question12", "question12\question12.csproj", "{51E51388-6D23-4549-A77B-D418046376D1}"
EndProject
Project("{FAE04EC0-301F-11D3-BF4B-00C04F79EFBC}") = "question15", "question15\question15.csproj", "{16CB5F1B-9A99-433E-A0E4-643B4A307C49}"
EndProject
Project("{FAE04EC0-301F-11D3-BF4B-00C04F79EFBC}") = "question16", "question16\question16.csproj", "{970BFD50-BBD8-4E3C-A2F5-7E572907F55F}"
EndProject
Project("{FAE04EC0-301F-11D3-BF4B-00C04F79EFBC}") = "question17", "question17\question17.csproj", "{2F9D3620-0796-4737-964D-C4A92820D6ED}"
EndProject
Global
	GlobalSection(SolutionConfigurationPlatforms) = preSolution
		Debug|Any CPU = Debug|Any CPU
		Release|Any CPU = Release|Any CPU
	EndGlobalSection
	GlobalSection(ProjectConfigurationPlatforms) = postSolution
		{DD35794E-EF5D-495C-994E-62E46E288C91}.Debug|Any CPU.ActiveCfg = Debug|Any CPU
		{DD35794E-EF5D-495C-994E-62E46E288C91}.Debug|Any CPU.Build.0 = Debug|Any CPU
		{DD35794E-EF5D-495C-994E-62E46E288C91}.Release|Any CPU.ActiveCfg = Release|Any CPU
		{DD35794E-EF5D-495C-994E-62E46E288C91}.Release|Any CPU.Build.0 = Release|Any CPU
		{D18138CD-C292-4F6F-A25F-1291C10DBAA1}.Debug|Any CPU.ActiveCfg = Debug|Any CPU
		{D18138CD-C292-4F6F-A25F-1291C10DBAA1}.Debug|Any CPU.Build.0 = Debug|Any CPU
		{D18138CD-C292-4F6F-A25F-1291C10DBAA1}.Release|Any CPU.ActiveCfg = Release|Any CPU
		{D18138CD-C292-4F6F-A25F-1291C10DBAA1}.Release|Any CPU.Build.0 = Release|Any CPU
		{1F18235D-262F-4EE5-8000-D9462ED2DC6C}.Debug|Any CPU.ActiveCfg = Debug|Any CPU
		{1F18235D-262F-4EE5-8000-D9462ED2DC6C}.Debug|Any CPU.Build.0 = Debug|Any CPU
		{1F18235D-262F-4EE5-8000-D9462ED2DC6C}.Release|Any CPU.ActiveCfg = Release|Any CPU
		{1F18235D-262F-4EE5-8000-D9462ED2DC6C}.Release|Any CPU.Build.0 = Release|Any CPU
		{CD1DF52F-0C25-4F18-B17C-0B57C2FF824E}.Debug|Any CPU.ActiveCfg = Debug|Any CPU
		{CD1DF52F-0C25-4F18-B17C-0B57C2FF824E}.Debug|Any CPU.Build.0 = Debug|Any CPU
		{CD1DF52F-0C25-4F18-B17C-0B57C2FF824E}.Release|Any CPU.ActiveCfg = Release|Any CPU
		{CD1DF52F-0C25-4F18-B17C-0B57C2FF824E}.Release|Any CPU.Build.0 = Release|Any CPU
		{D3E825F9-B5C6-4349-858C-AF9695E5C048}.Debug|Any CPU.ActiveCfg = Debug|Any CPU
		{D3E825F9-B5C6-4349-858C-AF9695E5C048}.Debug|Any CPU.Build.0 = Debug|Any CPU
		{D3E825F9-B5C6-4349-858C-AF9695E5C048}.Release|Any CPU.ActiveCfg = Release|Any CPU
		{D3E825F9-B5C6-4349-858C-AF9695E5C048}.Release|Any CPU.Build.0 = Release|Any CPU
		{970E8328-203D-484F-BD9D-08C3B52E0134}.Debug|Any CPU.ActiveCfg = Debug|Any CPU
		{970E8328-203D-484F-BD9D-08C3B52E0134}.Debug|Any CPU.Build.0 = Debug|Any CPU
		{970E8328-203D-484F-BD9D-08C3B52E0134}.Release|Any CPU.ActiveCfg = Release|Any CPU
		{970E8328-203D-484F-BD9D-08C3B52E0134}.Release|Any CPU.Build.0 = Release|Any CPU
		{DC17BE48-874A-4B71-BD82-F27B9E787145}.Debug|Any CPU.ActiveCfg = Debug|Any CPU
		{DC17BE48-874A-4B71-BD82-F27B9E787145}.Debug|Any CPU.Build.0 = Debug|Any CPU
		{DC17BE48-874A-4B71-BD82-F27B9E787145}.Release|Any CPU.ActiveCfg = Release|Any CPU
		{DC17BE48-874A-4B71-BD82-F27B9E787145}.Release|Any CPU.Build.0 = Release|Any CPU
		{A3B674EF-8EB0-4D20-AB13-ED8673B6E4DD}.Debug|Any CPU.ActiveCfg = Debug|Any CPU
		{A3B674EF-8EB0-4D20-AB13-ED8673B6E4DD}.Debug|Any CPU.Build.0 = Debug|Any CPU
		{A3B674EF-8EB0-4D20-AB13-ED8673B6E4DD}.Release|Any CPU.ActiveCfg = Release|Any CPU
		{A3B674EF-8EB0-4D20-AB13-ED8673B6E4DD}.Release|Any CPU.Build.0 = Release|Any CPU
		{7023B5BD-8399-401B-BC1D-80CEE3112440}.Debug|Any CPU.ActiveCfg = Debug|Any CPU
		{7023B5BD-8399-401B-BC1D-80CEE3112440}.Debug|Any CPU.Build.0 = Debug|Any CPU
		{7023B5BD-8399-401B-BC1D-80CEE3112440}.Release|Any CPU.ActiveCfg = Release|Any CPU
		{7023B5BD-8399-401B-BC1D-80CEE3112440}.Release|Any CPU.Build.0 = Release|Any CPU
		{65869FBA-CCFD-4A1B-847D-ADD5B9D44527}.Debug|Any CPU.ActiveCfg = Debug|Any CPU
		{65869FBA-CCFD-4A1B-847D-ADD5B9D44527}.Debug|Any CPU.Build.0 = Debug|Any CPU
		{65869FBA-CCFD-4A1B-847D-ADD5B9D44527}.Release|Any CPU.ActiveCfg = Release|Any CPU
		{65869FBA-CCFD-4A1B-847D-ADD5B9D44527}.Release|Any CPU.Build.0 = Release|Any CPU
		{38F0F4FF-E6AC-4DC0-9783-C53A9EFBCA18}.Debug|Any CPU.ActiveCfg = Debug|Any CPU
		{38F0F4FF-E6AC-4DC0-9783-C53A9EFBCA18}.Debug|Any CPU.Build.0 = Debug|Any CPU
		{38F0F4FF-E6AC-4DC0-9783-C53A9EFBCA18}.Release|Any CPU.ActiveCfg = Release|Any CPU
		{38F0F4FF-E6AC-4DC0-9783-C53A9EFBCA18}.Release|Any CPU.Build.0 = Release|Any CPU
		{51E51388-6D23-4549-A77B-D418046376D1}.Debug|Any CPU.ActiveCfg = Debug|Any CPU
		{51E51388-6D23-4549-A77B-D418046376D1}.Debug|Any CPU.Build.0 = Debug|Any CPU
		{51E51388-6D23-4549-A77B-D418046376D1}.Release|Any CPU.ActiveCfg = Release|Any CPU
		{51E51388-6D23-4549-A77B-D418046376D1}.Release|Any CPU.Build.0 = Release|Any CPU
		{16CB5F1B-9A99-433E-A0E4-643B4A307C49}.Debug|Any CPU.ActiveCfg = Debug|Any CPU
		{16CB5F1B-9A99-433E-A0E4-643B4A307C49}.Debug|Any CPU.Build.0 = Debug|Any CPU
		{16CB5F1B-9A99-433E-A0E4-643B4A307C49}.Release|Any CPU.ActiveCfg = Release|Any CPU
		{16CB5F1B-9A99-433E-A0E4-643B4A307C49}.Release|Any CPU.Build.0 = Release|Any CPU
		{970BFD50-BBD8-4E3C-A2F5-7E572907F55F}.Debug|Any CPU.ActiveCfg = Debug|Any CPU
		{970BFD50-BBD8-4E3C-A2F5-7E572907F55F}.Debug|Any CPU.Build.0 = Debug|Any CPU
		{970BFD50-BBD8-4E3C-A2F5-7E572907F55F}.Release|Any CPU.ActiveCfg = Release|Any CPU
		{970BFD50-BBD8-4E3C-A2F5-7E572907F55F}.Release|Any CPU.Build.0 = Release|Any CPU
		{2F9D3620-0796-4737-964D-C4A92820D6ED}.Debug|Any CPU.ActiveCfg = Debug|Any CPU
		{2F9D3620-0796-4737-964D-C4A92820D6ED}.Debug|Any CPU.Build.0 = Debug|Any CPU
		{2F9D3620-0796-4737-964D-C4A92820D6ED}.Release|Any CPU.ActiveCfg = Release|Any CPU
		{2F9D3620-0796-4737-964D-C4A92820D6ED}.Release|Any CPU.Build.0 = Release|Any CPU
	EndGlobalSection
	GlobalSection(SolutionProperties) = preSolution
		HideSolutionNode = FALSE
	EndGlobalSection
	GlobalSection(ExtensibilityGlobals) = postSolution
		SolutionGuid = {829D46AF-096E-47BF-A453-E280A9A11570}
	EndGlobalSection
EndGlobal
